{
  "version": 4,
  "terraform_version": "0.14.7",
  "serial": 161,
  "lineage": "7ccb35b5-7485-c017-38e1-9f2d55a40e1d",
  "outputs": {
    "bucket_arn": {
      "value": "arn:aws:s3:::autom84good-static-website-hosting-on-aws",
      "type": "string"
    },
    "bucket_id": {
      "value": "autom84good-static-website-hosting-on-aws",
      "type": "string"
    },
    "bucket_website_endpoint": {
      "value": "autom84good-static-website-hosting-on-aws.s3-website-us-east-1.amazonaws.com",
      "type": "string"
    },
    "certificate_arn": {
      "value": "arn:aws:acm:us-east-1:920394549028:certificate/c50246ca-966e-49bd-a245-e9f12e294e37",
      "type": "string"
    },
    "certificate_domain_validation_options": {
      "value": [
        {
          "domain_name": "sojicar.com",
          "resource_record_name": "_553d61de6150cb66d6873f119ddad2b3.sojicar.com.",
          "resource_record_type": "CNAME",
          "resource_record_value": "_2e5c37638368ec11f285f310bddec255.nfyddsqlcy.acm-validations.aws."
        }
      ],
      "type": [
        "set",
        [
          "object",
          {
            "domain_name": "string",
            "resource_record_name": "string",
            "resource_record_type": "string",
            "resource_record_value": "string"
          }
        ]
      ]
    },
    "cloudfront_domain_name": {
      "value": "d2r3s6pl4fe4gb.cloudfront.net",
      "type": "string"
    },
    "cloudfront_status": {
      "value": "Deployed",
      "type": "string"
    },
    "route_53_hosted_zone": {
      "value": "Z3AQBSTGFYJSTF",
      "type": "string"
    },
    "route_53_hosted_zone_name_servers": {
      "value": [
        "ns-1372.awsdns-43.org",
        "ns-175.awsdns-21.com",
        "ns-1936.awsdns-50.co.uk",
        "ns-942.awsdns-53.net"
      ],
      "type": [
        "list",
        "string"
      ]
    }
  },
  "resources": [
    {
      "mode": "data",
      "type": "aws_iam_policy_document",
      "name": "bucket_website_hosting",
      "provider": "provider[\"registry.terraform.io/hashicorp/aws\"]",
      "instances": [
        {
          "schema_version": 0,
          "attributes": {
            "id": "3530049313",
            "json": "{\n  \"Version\": \"2012-10-17\",\n  \"Statement\": [\n    {\n      \"Sid\": \"\",\n      \"Effect\": \"Allow\",\n      \"Action\": [\n        \"s3:ListBucket\",\n        \"s3:GetObject\"\n      ],\n      \"Resource\": [\n        \"arn:aws:s3:::autom84good-static-website-hosting-on-aws/*\",\n        \"arn:aws:s3:::autom84good-static-website-hosting-on-aws\"\n      ],\n      \"Principal\": {\n        \"AWS\": \"arn:aws:iam::cloudfront:user/CloudFront Origin Access Identity EHDKAOZN79MUE\"\n      }\n    }\n  ]\n}",
            "override_json": null,
            "override_policy_documents": null,
            "policy_id": null,
            "source_json": null,
            "source_policy_documents": null,
            "statement": [
              {
                "actions": [
                  "s3:GetObject",
                  "s3:ListBucket"
                ],
                "condition": [],
                "effect": "Allow",
                "not_actions": [],
                "not_principals": [],
                "not_resources": [],
                "principals": [
                  {
                    "identifiers": [
                      "arn:aws:iam::cloudfront:user/CloudFront Origin Access Identity EHDKAOZN79MUE"
                    ],
                    "type": "AWS"
                  }
                ],
                "resources": [
                  "arn:aws:s3:::autom84good-static-website-hosting-on-aws",
                  "arn:aws:s3:::autom84good-static-website-hosting-on-aws/*"
                ],
                "sid": ""
              }
            ],
            "version": "2012-10-17"
          },
          "sensitive_attributes": []
        }
      ]
    },
    {
      "mode": "managed",
      "type": "aws_acm_certificate",
      "name": "certificate",
      "provider": "provider[\"registry.terraform.io/hashicorp/aws\"]",
      "instances": [
        {
          "schema_version": 0,
          "attributes": {
            "arn": "arn:aws:acm:us-east-1:920394549028:certificate/c50246ca-966e-49bd-a245-e9f12e294e37",
            "certificate_authority_arn": "",
            "certificate_body": null,
            "certificate_chain": null,
            "domain_name": "sojicar.com",
            "domain_validation_options": [
              {
                "domain_name": "sojicar.com",
                "resource_record_name": "_553d61de6150cb66d6873f119ddad2b3.sojicar.com.",
                "resource_record_type": "CNAME",
                "resource_record_value": "_2e5c37638368ec11f285f310bddec255.nfyddsqlcy.acm-validations.aws."
              }
            ],
            "id": "arn:aws:acm:us-east-1:920394549028:certificate/c50246ca-966e-49bd-a245-e9f12e294e37",
            "options": [
              {
                "certificate_transparency_logging_preference": "ENABLED"
              }
            ],
            "private_key": null,
            "status": "PENDING_VALIDATION",
            "subject_alternative_names": [],
            "tags": null,
            "validation_emails": [],
            "validation_method": "DNS"
          },
          "sensitive_attributes": [],
          "private": "bnVsbA==",
          "create_before_destroy": true
        }
      ]
    },
    {
      "mode": "managed",
      "type": "aws_acm_certificate_validation",
      "name": "certificate",
      "provider": "provider[\"registry.terraform.io/hashicorp/aws\"]",
      "instances": [
        {
          "schema_version": 0,
          "attributes": {
            "certificate_arn": "arn:aws:acm:us-east-1:920394549028:certificate/c50246ca-966e-49bd-a245-e9f12e294e37",
            "id": "2021-03-17 21:46:33 +0000 UTC",
            "timeouts": null,
            "validation_record_fqdns": [
              "_553d61de6150cb66d6873f119ddad2b3.sojicar.com"
            ]
          },
          "sensitive_attributes": [],
          "private": "eyJlMmJmYjczMC1lY2FhLTExZTYtOGY4OC0zNDM2M2JjN2M0YzAiOnsiY3JlYXRlIjoyNzAwMDAwMDAwMDAwfX0=",
          "dependencies": [
            "aws_acm_certificate.certificate",
            "aws_route53_record.certificate_validation",
            "aws_route53_zone.primary"
          ]
        }
      ]
    },
    {
      "mode": "managed",
      "type": "aws_cloudfront_distribution",
      "name": "distribution",
      "provider": "provider[\"registry.terraform.io/hashicorp/aws\"]",
      "instances": [
        {
          "schema_version": 1,
          "attributes": {
            "aliases": [
              "sojicar.com"
            ],
            "arn": "arn:aws:cloudfront::920394549028:distribution/E39MR4MHATWDLF",
            "caller_reference": "terraform-20210317214632494300000004",
            "comment": null,
            "custom_error_response": [
              {
                "error_caching_min_ttl": 3000,
                "error_code": 404,
                "response_code": 200,
                "response_page_path": "/index.html"
              }
            ],
            "default_cache_behavior": [
              {
                "allowed_methods": [
                  "GET",
                  "HEAD"
                ],
                "cache_policy_id": "",
                "cached_methods": [
                  "GET",
                  "HEAD"
                ],
                "compress": false,
                "default_ttl": 0,
                "field_level_encryption_id": "",
                "forwarded_values": [
                  {
                    "cookies": [
                      {
                        "forward": "none",
                        "whitelisted_names": []
                      }
                    ],
                    "headers": [],
                    "query_string": true,
                    "query_string_cache_keys": []
                  }
                ],
                "lambda_function_association": [],
                "max_ttl": 0,
                "min_ttl": 0,
                "origin_request_policy_id": "",
                "realtime_log_config_arn": "",
                "smooth_streaming": false,
                "target_origin_id": "bucket-autom84good-static-website-hosting-on-aws",
                "trusted_signers": [],
                "viewer_protocol_policy": "https-only"
              }
            ],
            "default_root_object": "index.html",
            "domain_name": "d2r3s6pl4fe4gb.cloudfront.net",
            "enabled": true,
            "etag": "EGQ8KW2KD80BN",
            "hosted_zone_id": "Z2FDTNDATAQYW2",
            "http_version": "http2",
            "id": "E39MR4MHATWDLF",
            "in_progress_validation_batches": 0,
            "is_ipv6_enabled": false,
            "last_modified_time": "2021-03-17 21:46:33.797 +0000 UTC",
            "logging_config": [],
            "ordered_cache_behavior": [],
            "origin": [
              {
                "custom_header": [],
                "custom_origin_config": [],
                "domain_name": "autom84good-static-website-hosting-on-aws.s3.amazonaws.com",
                "origin_id": "bucket-autom84good-static-website-hosting-on-aws",
                "origin_path": "",
                "s3_origin_config": [
                  {
                    "origin_access_identity": "origin-access-identity/cloudfront/EHDKAOZN79MUE"
                  }
                ]
              }
            ],
            "origin_group": [],
            "price_class": "PriceClass_100",
            "restrictions": [
              {
                "geo_restriction": [
                  {
                    "locations": [
                      "US"
                    ],
                    "restriction_type": "whitelist"
                  }
                ]
              }
            ],
            "retain_on_delete": false,
            "status": "Deployed",
            "tags": null,
            "trusted_signers": [
              {
                "enabled": false,
                "items": []
              }
            ],
            "viewer_certificate": [
              {
                "acm_certificate_arn": "arn:aws:acm:us-east-1:920394549028:certificate/c50246ca-966e-49bd-a245-e9f12e294e37",
                "cloudfront_default_certificate": false,
                "iam_certificate_id": "",
                "minimum_protocol_version": "TLSv1",
                "ssl_support_method": "sni-only"
              }
            ],
            "wait_for_deployment": true,
            "web_acl_id": ""
          },
          "sensitive_attributes": [],
          "private": "eyJzY2hlbWFfdmVyc2lvbiI6IjEifQ==",
          "dependencies": [
            "aws_acm_certificate.certificate",
            "aws_cloudfront_origin_access_identity.origin_access_identity",
            "aws_s3_bucket.website_static_files",
            "data.aws_iam_policy_document.bucket_website_hosting"
          ]
        }
      ]
    },
    {
      "mode": "managed",
      "type": "aws_cloudfront_origin_access_identity",
      "name": "origin_access_identity",
      "provider": "provider[\"registry.terraform.io/hashicorp/aws\"]",
      "instances": [
        {
          "schema_version": 0,
          "attributes": {
            "caller_reference": "terraform-20210317214619591300000001",
            "cloudfront_access_identity_path": "origin-access-identity/cloudfront/EHDKAOZN79MUE",
            "comment": null,
            "etag": "E34ECKIR19MLX3",
            "iam_arn": "arn:aws:iam::cloudfront:user/CloudFront Origin Access Identity EHDKAOZN79MUE",
            "id": "EHDKAOZN79MUE",
            "s3_canonical_user_id": "f8be5c4b49e1542f2fc9bd3b74fa1ccf4c78a89570e898fb303f705362df28d47b93540a010ee27d1469c8f8e0f18f2a"
          },
          "sensitive_attributes": [],
          "private": "bnVsbA=="
        }
      ]
    },
    {
      "mode": "managed",
      "type": "aws_route53_record",
      "name": "certificate_validation",
      "provider": "provider[\"registry.terraform.io/hashicorp/aws\"]",
      "instances": [
        {
          "index_key": "sojicar.com",
          "schema_version": 2,
          "attributes": {
            "alias": [],
            "allow_overwrite": true,
            "failover_routing_policy": [],
            "fqdn": "_553d61de6150cb66d6873f119ddad2b3.sojicar.com",
            "geolocation_routing_policy": [],
            "health_check_id": null,
            "id": "Z01136171DQ2TBGOG51TC__553d61de6150cb66d6873f119ddad2b3.sojicar.com._CNAME",
            "latency_routing_policy": [],
            "multivalue_answer_routing_policy": null,
            "name": "_553d61de6150cb66d6873f119ddad2b3.sojicar.com",
            "records": [
              "_2e5c37638368ec11f285f310bddec255.nfyddsqlcy.acm-validations.aws."
            ],
            "set_identifier": null,
            "ttl": 60,
            "type": "CNAME",
            "weighted_routing_policy": [],
            "zone_id": "Z01136171DQ2TBGOG51TC"
          },
          "sensitive_attributes": [],
          "private": "eyJzY2hlbWFfdmVyc2lvbiI6IjIifQ==",
          "dependencies": [
            "aws_acm_certificate.certificate",
            "aws_route53_zone.primary"
          ]
        }
      ]
    },
    {
      "mode": "managed",
      "type": "aws_route53_record",
      "name": "cloudfront",
      "provider": "provider[\"registry.terraform.io/hashicorp/aws\"]",
      "instances": [
        {
          "schema_version": 2,
          "attributes": {
            "alias": [
              {
                "evaluate_target_health": false,
                "name": "d2r3s6pl4fe4gb.cloudfront.net",
                "zone_id": "Z2FDTNDATAQYW2"
              }
            ],
            "allow_overwrite": null,
            "failover_routing_policy": [],
            "fqdn": "sojicar.com",
            "geolocation_routing_policy": [],
            "health_check_id": null,
            "id": "Z01136171DQ2TBGOG51TC_sojicar.com_A",
            "latency_routing_policy": [],
            "multivalue_answer_routing_policy": null,
            "name": "sojicar.com",
            "records": null,
            "set_identifier": null,
            "ttl": null,
            "type": "A",
            "weighted_routing_policy": [],
            "zone_id": "Z01136171DQ2TBGOG51TC"
          },
          "sensitive_attributes": [],
          "private": "eyJzY2hlbWFfdmVyc2lvbiI6IjIifQ==",
          "dependencies": [
            "aws_acm_certificate.certificate",
            "aws_cloudfront_distribution.distribution",
            "aws_cloudfront_origin_access_identity.origin_access_identity",
            "aws_route53_zone.primary",
            "aws_s3_bucket.website_static_files",
            "data.aws_iam_policy_document.bucket_website_hosting"
          ]
        }
      ]
    },
    {
      "mode": "managed",
      "type": "aws_route53_zone",
      "name": "primary",
      "provider": "provider[\"registry.terraform.io/hashicorp/aws\"]",
      "instances": [
        {
          "schema_version": 0,
          "attributes": {
            "comment": "Managed by Terraform",
            "delegation_set_id": "",
            "force_destroy": false,
            "id": "Z01136171DQ2TBGOG51TC",
            "name": "sojicar.com",
            "name_servers": [
              "ns-1372.awsdns-43.org",
              "ns-175.awsdns-21.com",
              "ns-1936.awsdns-50.co.uk",
              "ns-942.awsdns-53.net"
            ],
            "tags": null,
            "vpc": [],
            "zone_id": "Z01136171DQ2TBGOG51TC"
          },
          "sensitive_attributes": [],
          "private": "bnVsbA=="
        }
      ]
    },
    {
      "mode": "managed",
      "type": "aws_s3_bucket",
      "name": "website_static_files",
      "provider": "provider[\"registry.terraform.io/hashicorp/aws\"]",
      "instances": [
        {
          "schema_version": 0,
          "attributes": {
            "acceleration_status": "",
            "acl": "private",
            "arn": "arn:aws:s3:::autom84good-static-website-hosting-on-aws",
            "bucket": "autom84good-static-website-hosting-on-aws",
            "bucket_domain_name": "autom84good-static-website-hosting-on-aws.s3.amazonaws.com",
            "bucket_prefix": null,
            "bucket_regional_domain_name": "autom84good-static-website-hosting-on-aws.s3.amazonaws.com",
            "cors_rule": [],
            "force_destroy": true,
            "grant": [],
            "hosted_zone_id": "Z3AQBSTGFYJSTF",
            "id": "autom84good-static-website-hosting-on-aws",
            "lifecycle_rule": [],
            "logging": [],
            "object_lock_configuration": [],
            "policy": "{\"Statement\":[{\"Action\":[\"s3:ListBucket\",\"s3:GetObject\"],\"Effect\":\"Allow\",\"Principal\":{\"AWS\":\"arn:aws:iam::cloudfront:user/CloudFront Origin Access Identity EHDKAOZN79MUE\"},\"Resource\":[\"arn:aws:s3:::autom84good-static-website-hosting-on-aws/*\",\"arn:aws:s3:::autom84good-static-website-hosting-on-aws\"],\"Sid\":\"\"}],\"Version\":\"2012-10-17\"}",
            "region": "us-east-1",
            "replication_configuration": [],
            "request_payer": "BucketOwner",
            "server_side_encryption_configuration": [],
            "tags": null,
            "versioning": [
              {
                "enabled": false,
                "mfa_delete": false
              }
            ],
            "website": [
              {
                "error_document": "",
                "index_document": "index.html",
                "redirect_all_requests_to": "",
                "routing_rules": ""
              }
            ],
            "website_domain": "s3-website-us-east-1.amazonaws.com",
            "website_endpoint": "autom84good-static-website-hosting-on-aws.s3-website-us-east-1.amazonaws.com"
          },
          "sensitive_attributes": [],
          "private": "bnVsbA==",
          "dependencies": [
            "aws_cloudfront_origin_access_identity.origin_access_identity",
            "data.aws_iam_policy_document.bucket_website_hosting"
          ]
        }
      ]
    },
    {
      "mode": "managed",
      "type": "null_resource",
      "name": "upload_static_files",
      "provider": "provider[\"registry.terraform.io/hashicorp/null\"]",
      "instances": [
        {
          "schema_version": 0,
          "attributes": {
            "id": "7688910438717196516",
            "triggers": null
          },
          "sensitive_attributes": [],
          "private": "bnVsbA==",
          "dependencies": [
            "aws_cloudfront_origin_access_identity.origin_access_identity",
            "aws_s3_bucket.website_static_files",
            "data.aws_iam_policy_document.bucket_website_hosting"
          ]
        }
      ]
    }
  ]
}
